
Microsoft Visual Studio Solution File, Format Version 12.00
# Visual Studio 2013
VisualStudioVersion = 12.0.31101.0
MinimumVisualStudioVersion = 10.0.40219.1
Project("{8BC9CEB8-8B4A-11D0-8D11-00A0C91BC942}") = "swSSOCM", "swSSOCM\swSSOCM.vcxproj", "{7F5FDB49-BCED-421D-A517-35C15BF01609}"
EndProject
Project("{8BC9CEB8-8B4A-11D0-8D11-00A0C91BC942}") = "swSSOSVC", "swSSOSVC\swSSOSVC.vcxproj", "{9762F468-1D39-472F-BCA7-9F98AC6C4D12}"
EndProject
Project("{8BC9CEB8-8B4A-11D0-8D11-00A0C91BC942}") = "SWSSO", "swSSO\SWSSO.EXE.vcxproj", "{5CF382F4-6ECA-4F1C-8054-047BF6292E2A}"
EndProject
Project("{8BC9CEB8-8B4A-11D0-8D11-00A0C91BC942}") = "swSSOGenKey", "swSSOGenKey\swSSOGenKey.vcxproj", "{A70ED2F2-9FD4-40CD-98CE-0BAAFA0CE582}"
EndProject
Project("{8BC9CEB8-8B4A-11D0-8D11-00A0C91BC942}") = "swSSORecover", "swSSORecover\swSSORecover.vcxproj", "{8FFB9C9D-69EE-4535-A5CF-52AE79E4CD75}"
EndProject
Project("{8BC9CEB8-8B4A-11D0-8D11-00A0C91BC942}") = "swSSOHotKey", "swSSOHotKey\swSSOHotKey.vcxproj", "{BD722135-AF36-413C-9FEF-4A2502F7A8C9}"
EndProject
Project("{8BC9CEB8-8B4A-11D0-8D11-00A0C91BC942}") = "swSSORecoverDll", "swSSORecoverDll\swSSORecoverDll.vcxproj", "{4EB7D0AD-0923-4640-97BB-D193979D4731}"
EndProject
Project("{8BC9CEB8-8B4A-11D0-8D11-00A0C91BC942}") = "swSSORecoverSvc", "swSSORecoverSvc\swSSORecoverSvc.vcxproj", "{044CAF2C-024D-4BA2-845A-6B9C3C7CF58E}"
EndProject
Global
	GlobalSection(SolutionConfigurationPlatforms) = preSolution
		Debug|Win32 = Debug|Win32
		Debug|x64 = Debug|x64
		fr_trace|Win32 = fr_trace|Win32
		fr_trace|x64 = fr_trace|x64
		fr|Win32 = fr|Win32
		fr|x64 = fr|x64
		Release|Win32 = Release|Win32
		Release|x64 = Release|x64
	EndGlobalSection
	GlobalSection(ProjectConfigurationPlatforms) = postSolution
		{7F5FDB49-BCED-421D-A517-35C15BF01609}.Debug|Win32.ActiveCfg = Debug|Win32
		{7F5FDB49-BCED-421D-A517-35C15BF01609}.Debug|Win32.Build.0 = Debug|Win32
		{7F5FDB49-BCED-421D-A517-35C15BF01609}.Debug|x64.ActiveCfg = Debug|x64
		{7F5FDB49-BCED-421D-A517-35C15BF01609}.Debug|x64.Build.0 = Debug|x64
		{7F5FDB49-BCED-421D-A517-35C15BF01609}.fr_trace|Win32.ActiveCfg = Release|Win32
		{7F5FDB49-BCED-421D-A517-35C15BF01609}.fr_trace|Win32.Build.0 = Release|Win32
		{7F5FDB49-BCED-421D-A517-35C15BF01609}.fr_trace|x64.ActiveCfg = Release|x64
		{7F5FDB49-BCED-421D-A517-35C15BF01609}.fr_trace|x64.Build.0 = Release|x64
		{7F5FDB49-BCED-421D-A517-35C15BF01609}.fr|Win32.ActiveCfg = Release|Win32
		{7F5FDB49-BCED-421D-A517-35C15BF01609}.fr|Win32.Build.0 = Release|Win32
		{7F5FDB49-BCED-421D-A517-35C15BF01609}.fr|x64.ActiveCfg = Release|x64
		{7F5FDB49-BCED-421D-A517-35C15BF01609}.fr|x64.Build.0 = Release|x64
		{7F5FDB49-BCED-421D-A517-35C15BF01609}.Release|Win32.ActiveCfg = Release|Win32
		{7F5FDB49-BCED-421D-A517-35C15BF01609}.Release|Win32.Build.0 = Release|Win32
		{7F5FDB49-BCED-421D-A517-35C15BF01609}.Release|x64.ActiveCfg = Release|x64
		{7F5FDB49-BCED-421D-A517-35C15BF01609}.Release|x64.Build.0 = Release|x64
		{9762F468-1D39-472F-BCA7-9F98AC6C4D12}.Debug|Win32.ActiveCfg = Debug|Win32
		{9762F468-1D39-472F-BCA7-9F98AC6C4D12}.Debug|Win32.Build.0 = Debug|Win32
		{9762F468-1D39-472F-BCA7-9F98AC6C4D12}.Debug|x64.ActiveCfg = Debug|Win32
		{9762F468-1D39-472F-BCA7-9F98AC6C4D12}.fr_trace|Win32.ActiveCfg = Release|Win32
		{9762F468-1D39-472F-BCA7-9F98AC6C4D12}.fr_trace|Win32.Build.0 = Release|Win32
		{9762F468-1D39-472F-BCA7-9F98AC6C4D12}.fr_trace|x64.ActiveCfg = Release|x64
		{9762F468-1D39-472F-BCA7-9F98AC6C4D12}.fr_trace|x64.Build.0 = Release|x64
		{9762F468-1D39-472F-BCA7-9F98AC6C4D12}.fr|Win32.ActiveCfg = Release|Win32
		{9762F468-1D39-472F-BCA7-9F98AC6C4D12}.fr|Win32.Build.0 = Release|Win32
		{9762F468-1D39-472F-BCA7-9F98AC6C4D12}.fr|x64.ActiveCfg = Release|x64
		{9762F468-1D39-472F-BCA7-9F98AC6C4D12}.fr|x64.Build.0 = Release|x64
		{9762F468-1D39-472F-BCA7-9F98AC6C4D12}.Release|Win32.ActiveCfg = Release|Win32
		{9762F468-1D39-472F-BCA7-9F98AC6C4D12}.Release|Win32.Build.0 = Release|Win32
		{9762F468-1D39-472F-BCA7-9F98AC6C4D12}.Release|x64.ActiveCfg = Release|Win32
		{5CF382F4-6ECA-4F1C-8054-047BF6292E2A}.Debug|Win32.ActiveCfg = Debug|Win32
		{5CF382F4-6ECA-4F1C-8054-047BF6292E2A}.Debug|Win32.Build.0 = Debug|Win32
		{5CF382F4-6ECA-4F1C-8054-047BF6292E2A}.Debug|x64.ActiveCfg = Debug|Win32
		{5CF382F4-6ECA-4F1C-8054-047BF6292E2A}.fr_trace|Win32.ActiveCfg = Release|Win32
		{5CF382F4-6ECA-4F1C-8054-047BF6292E2A}.fr_trace|Win32.Build.0 = Release|Win32
		{5CF382F4-6ECA-4F1C-8054-047BF6292E2A}.fr_trace|x64.ActiveCfg = Release|x64
		{5CF382F4-6ECA-4F1C-8054-047BF6292E2A}.fr_trace|x64.Build.0 = Release|x64
		{5CF382F4-6ECA-4F1C-8054-047BF6292E2A}.fr|Win32.ActiveCfg = Release|Win32
		{5CF382F4-6ECA-4F1C-8054-047BF6292E2A}.fr|Win32.Build.0 = Release|Win32
		{5CF382F4-6ECA-4F1C-8054-047BF6292E2A}.fr|x64.ActiveCfg = Release|x64
		{5CF382F4-6ECA-4F1C-8054-047BF6292E2A}.fr|x64.Build.0 = Release|x64
		{5CF382F4-6ECA-4F1C-8054-047BF6292E2A}.Release|Win32.ActiveCfg = Release|Win32
		{5CF382F4-6ECA-4F1C-8054-047BF6292E2A}.Release|Win32.Build.0 = Release|Win32
		{5CF382F4-6ECA-4F1C-8054-047BF6292E2A}.Release|x64.ActiveCfg = Release|Win32
		{A70ED2F2-9FD4-40CD-98CE-0BAAFA0CE582}.Debug|Win32.ActiveCfg = Debug|Win32
		{A70ED2F2-9FD4-40CD-98CE-0BAAFA0CE582}.Debug|Win32.Build.0 = Debug|Win32
		{A70ED2F2-9FD4-40CD-98CE-0BAAFA0CE582}.Debug|x64.ActiveCfg = Debug|Win32
		{A70ED2F2-9FD4-40CD-98CE-0BAAFA0CE582}.fr_trace|Win32.ActiveCfg = Release|Win32
		{A70ED2F2-9FD4-40CD-98CE-0BAAFA0CE582}.fr_trace|Win32.Build.0 = Release|Win32
		{A70ED2F2-9FD4-40CD-98CE-0BAAFA0CE582}.fr_trace|x64.ActiveCfg = Release|Win32
		{A70ED2F2-9FD4-40CD-98CE-0BAAFA0CE582}.fr|Win32.ActiveCfg = Release|Win32
		{A70ED2F2-9FD4-40CD-98CE-0BAAFA0CE582}.fr|Win32.Build.0 = Release|Win32
		{A70ED2F2-9FD4-40CD-98CE-0BAAFA0CE582}.fr|x64.ActiveCfg = Release|Win32
		{A70ED2F2-9FD4-40CD-98CE-0BAAFA0CE582}.Release|Win32.ActiveCfg = Release|Win32
		{A70ED2F2-9FD4-40CD-98CE-0BAAFA0CE582}.Release|Win32.Build.0 = Release|Win32
		{A70ED2F2-9FD4-40CD-98CE-0BAAFA0CE582}.Release|x64.ActiveCfg = Release|Win32
		{8FFB9C9D-69EE-4535-A5CF-52AE79E4CD75}.Debug|Win32.ActiveCfg = Debug|Win32
		{8FFB9C9D-69EE-4535-A5CF-52AE79E4CD75}.Debug|Win32.Build.0 = Debug|Win32
		{8FFB9C9D-69EE-4535-A5CF-52AE79E4CD75}.Debug|x64.ActiveCfg = Debug|Win32
		{8FFB9C9D-69EE-4535-A5CF-52AE79E4CD75}.fr_trace|Win32.ActiveCfg = Release|Win32
		{8FFB9C9D-69EE-4535-A5CF-52AE79E4CD75}.fr_trace|Win32.Build.0 = Release|Win32
		{8FFB9C9D-69EE-4535-A5CF-52AE79E4CD75}.fr_trace|x64.ActiveCfg = Release|Win32
		{8FFB9C9D-69EE-4535-A5CF-52AE79E4CD75}.fr|Win32.ActiveCfg = Release|Win32
		{8FFB9C9D-69EE-4535-A5CF-52AE79E4CD75}.fr|Win32.Build.0 = Release|Win32
		{8FFB9C9D-69EE-4535-A5CF-52AE79E4CD75}.fr|x64.ActiveCfg = Release|Win32
		{8FFB9C9D-69EE-4535-A5CF-52AE79E4CD75}.Release|Win32.ActiveCfg = Release|Win32
		{8FFB9C9D-69EE-4535-A5CF-52AE79E4CD75}.Release|Win32.Build.0 = Release|Win32
		{8FFB9C9D-69EE-4535-A5CF-52AE79E4CD75}.Release|x64.ActiveCfg = Release|Win32
		{BD722135-AF36-413C-9FEF-4A2502F7A8C9}.Debug|Win32.ActiveCfg = Debug|Win32
		{BD722135-AF36-413C-9FEF-4A2502F7A8C9}.Debug|Win32.Build.0 = Debug|Win32
		{BD722135-AF36-413C-9FEF-4A2502F7A8C9}.Debug|x64.ActiveCfg = Debug|Win32
		{BD722135-AF36-413C-9FEF-4A2502F7A8C9}.fr_trace|Win32.ActiveCfg = Release|Win32
		{BD722135-AF36-413C-9FEF-4A2502F7A8C9}.fr_trace|Win32.Build.0 = Release|Win32
		{BD722135-AF36-413C-9FEF-4A2502F7A8C9}.fr_trace|x64.ActiveCfg = Release|Win32
		{BD722135-AF36-413C-9FEF-4A2502F7A8C9}.fr|Win32.ActiveCfg = Release|Win32
		{BD722135-AF36-413C-9FEF-4A2502F7A8C9}.fr|Win32.Build.0 = Release|Win32
		{BD722135-AF36-413C-9FEF-4A2502F7A8C9}.fr|x64.ActiveCfg = Release|Win32
		{BD722135-AF36-413C-9FEF-4A2502F7A8C9}.Release|Win32.ActiveCfg = Release|Win32
		{BD722135-AF36-413C-9FEF-4A2502F7A8C9}.Release|Win32.Build.0 = Release|Win32
		{BD722135-AF36-413C-9FEF-4A2502F7A8C9}.Release|x64.ActiveCfg = Release|Win32
		{4EB7D0AD-0923-4640-97BB-D193979D4731}.Debug|Win32.ActiveCfg = Debug|Win32
		{4EB7D0AD-0923-4640-97BB-D193979D4731}.Debug|Win32.Build.0 = Debug|Win32
		{4EB7D0AD-0923-4640-97BB-D193979D4731}.Debug|x64.ActiveCfg = Debug|x64
		{4EB7D0AD-0923-4640-97BB-D193979D4731}.fr_trace|Win32.ActiveCfg = Release|Win32
		{4EB7D0AD-0923-4640-97BB-D193979D4731}.fr_trace|Win32.Build.0 = Release|Win32
		{4EB7D0AD-0923-4640-97BB-D193979D4731}.fr_trace|x64.ActiveCfg = Release|Win32
		{4EB7D0AD-0923-4640-97BB-D193979D4731}.fr|Win32.ActiveCfg = Release|Win32
		{4EB7D0AD-0923-4640-97BB-D193979D4731}.fr|Win32.Build.0 = Release|Win32
		{4EB7D0AD-0923-4640-97BB-D193979D4731}.fr|x64.ActiveCfg = Release|Win32
		{4EB7D0AD-0923-4640-97BB-D193979D4731}.Release|Win32.ActiveCfg = Release|Win32
		{4EB7D0AD-0923-4640-97BB-D193979D4731}.Release|Win32.Build.0 = Release|Win32
		{4EB7D0AD-0923-4640-97BB-D193979D4731}.Release|x64.ActiveCfg = Release|x64
		{044CAF2C-024D-4BA2-845A-6B9C3C7CF58E}.Debug|Win32.ActiveCfg = Debug|Win32
		{044CAF2C-024D-4BA2-845A-6B9C3C7CF58E}.Debug|Win32.Build.0 = Debug|Win32
		{044CAF2C-024D-4BA2-845A-6B9C3C7CF58E}.Debug|x64.ActiveCfg = Debug|x64
		{044CAF2C-024D-4BA2-845A-6B9C3C7CF58E}.Debug|x64.Build.0 = Debug|x64
		{044CAF2C-024D-4BA2-845A-6B9C3C7CF58E}.fr_trace|Win32.ActiveCfg = Release|Win32
		{044CAF2C-024D-4BA2-845A-6B9C3C7CF58E}.fr_trace|Win32.Build.0 = Release|Win32
		{044CAF2C-024D-4BA2-845A-6B9C3C7CF58E}.fr_trace|x64.ActiveCfg = Release|x64
		{044CAF2C-024D-4BA2-845A-6B9C3C7CF58E}.fr_trace|x64.Build.0 = Release|x64
		{044CAF2C-024D-4BA2-845A-6B9C3C7CF58E}.fr|Win32.ActiveCfg = Release|Win32
		{044CAF2C-024D-4BA2-845A-6B9C3C7CF58E}.fr|Win32.Build.0 = Release|Win32
		{044CAF2C-024D-4BA2-845A-6B9C3C7CF58E}.fr|x64.ActiveCfg = Release|x64
		{044CAF2C-024D-4BA2-845A-6B9C3C7CF58E}.fr|x64.Build.0 = Release|x64
		{044CAF2C-024D-4BA2-845A-6B9C3C7CF58E}.Release|Win32.ActiveCfg = Release|Win32
		{044CAF2C-024D-4BA2-845A-6B9C3C7CF58E}.Release|Win32.Build.0 = Release|Win32
		{044CAF2C-024D-4BA2-845A-6B9C3C7CF58E}.Release|x64.ActiveCfg = Release|x64
		{044CAF2C-024D-4BA2-845A-6B9C3C7CF58E}.Release|x64.Build.0 = Release|x64
	EndGlobalSection
	GlobalSection(SolutionProperties) = preSolution
		HideSolutionNode = FALSE
	EndGlobalSection
EndGlobal
